<Solution>
  <Folder Name="/Tests/">
    <Project Path="Tests/Kansei.Physics.Tests/Kansei.Physics.Tests.csproj" />
    <Project Path="Tests/Kansei.Tests/Kansei.Tests.csproj" />
    <Project Path="Tests/Touge.Formats.Tests/Touge.Formats.Tests.csproj" />
  </Folder>
  <Folder Name="/Tools/">
    <Project Path="Tools/PenelopeShaderBaker/PenelopeShaderBaker.csproj" />
  </Folder>
  <Project Path="Kansei.Physics/Kansei.Physics.csproj" />
  <Project Path="Kansei/Kansei.csproj" />
  <Project Path="Penelope/Penelope.csproj" />
  <Project Path="Touge.Formats.Cli/Touge.Formats.Cli.csproj" />
  <Project Path="Touge.Formats/Touge.Formats.csproj" />
  <Project Path="Touge/Touge.csproj" />
</Solution>
